// !$*UTF8*$!
{
	archiveVersion = 1;
	classes = {
	};
	objectVersion = 46;
	objects = {

/* Begin PBXBuildFile section */
		C6018C241A2FFA0300DA1D9E /* Reachability.m in Sources */ = {isa = PBXBuildFile; fileRef = C6018C231A2FFA0300DA1D9E /* Reachability.m */; };
		C61C99371A2235950090AFFB /* ProfileViewController.m in Sources */ = {isa = PBXBuildFile; fileRef = C61C99361A2235950090AFFB /* ProfileViewController.m */; };
		C61C993A1A223AC90090AFFB /* facebook_blank_face3.jpeg in Resources */ = {isa = PBXBuildFile; fileRef = C61C99391A223AC90090AFFB /* facebook_blank_face3.jpeg */; };
		C61C994A1A2247B80090AFFB /* calendarview.png in Resources */ = {isa = PBXBuildFile; fileRef = C61C99401A2247B80090AFFB /* calendarview.png */; };
		C61C994B1A2247B80090AFFB /* createown.png in Resources */ = {isa = PBXBuildFile; fileRef = C61C99411A2247B80090AFFB /* createown.png */; };
		C61C994C1A2247B80090AFFB /* leaderboard.png in Resources */ = {isa = PBXBuildFile; fileRef = C61C99421A2247B80090AFFB /* leaderboard.png */; };
		C61C994D1A2247B80090AFFB /* listview.png in Resources */ = {isa = PBXBuildFile; fileRef = C61C99431A2247B80090AFFB /* listview.png */; };
		C61C994E1A2247B80090AFFB /* menudrawerlogo.png in Resources */ = {isa = PBXBuildFile; fileRef = C61C99441A2247B80090AFFB /* menudrawerlogo.png */; };
		C61C994F1A2247B80090AFFB /* mytraditions.png in Resources */ = {isa = PBXBuildFile; fileRef = C61C99451A2247B80090AFFB /* mytraditions.png */; };
		C61C99501A2247B80090AFFB /* pictureview.png in Resources */ = {isa = PBXBuildFile; fileRef = C61C99461A2247B80090AFFB /* pictureview.png */; };
		C61C99511A2247B80090AFFB /* about.png in Resources */ = {isa = PBXBuildFile; fileRef = C61C99471A2247B80090AFFB /* about.png */; };
		C61C99521A2247B80090AFFB /* logout.png in Resources */ = {isa = PBXBuildFile; fileRef = C61C99481A2247B80090AFFB /* logout.png */; };
		C61C99531A2247B80090AFFB /* profile.png in Resources */ = {isa = PBXBuildFile; fileRef = C61C99491A2247B80090AFFB /* profile.png */; };
		C61C99561A225F7F0090AFFB /* LeaderBoardViewController.m in Sources */ = {isa = PBXBuildFile; fileRef = C61C99551A225F7F0090AFFB /* LeaderBoardViewController.m */; };
		C61C99581A2261590090AFFB /* gradient.png in Resources */ = {isa = PBXBuildFile; fileRef = C61C99571A2261590090AFFB /* gradient.png */; };
		C630DB8E1A1FA6B70080B380 /* Foundation.framework in Frameworks */ = {isa = PBXBuildFile; fileRef = C630DB8D1A1FA6B70080B380 /* Foundation.framework */; };
		C630DB901A1FA6B70080B380 /* CoreGraphics.framework in Frameworks */ = {isa = PBXBuildFile; fileRef = C630DB8F1A1FA6B70080B380 /* CoreGraphics.framework */; };
		C630DB921A1FA6B70080B380 /* UIKit.framework in Frameworks */ = {isa = PBXBuildFile; fileRef = C630DB911A1FA6B70080B380 /* UIKit.framework */; };
		C630DB981A1FA6B70080B380 /* InfoPlist.strings in Resources */ = {isa = PBXBuildFile; fileRef = C630DB961A1FA6B70080B380 /* InfoPlist.strings */; };
		C630DB9A1A1FA6B70080B380 /* main.m in Sources */ = {isa = PBXBuildFile; fileRef = C630DB991A1FA6B70080B380 /* main.m */; };
		C630DB9E1A1FA6B70080B380 /* AppDelegate.m in Sources */ = {isa = PBXBuildFile; fileRef = C630DB9D1A1FA6B70080B380 /* AppDelegate.m */; };
		C630DBA11A1FA6B70080B380 /* Main_iPhone.storyboard in Resources */ = {isa = PBXBuildFile; fileRef = C630DB9F1A1FA6B70080B380 /* Main_iPhone.storyboard */; };
		C630DBA41A1FA6B70080B380 /* Main_iPad.storyboard in Resources */ = {isa = PBXBuildFile; fileRef = C630DBA21A1FA6B70080B380 /* Main_iPad.storyboard */; };
		C630DBA71A1FA6B70080B380 /* ViewController.m in Sources */ = {isa = PBXBuildFile; fileRef = C630DBA61A1FA6B70080B380 /* ViewController.m */; };
		C630DBA91A1FA6B70080B380 /* Images.xcassets in Resources */ = {isa = PBXBuildFile; fileRef = C630DBA81A1FA6B70080B380 /* Images.xcassets */; };
		C630DBB01A1FA6B80080B380 /* XCTest.framework in Frameworks */ = {isa = PBXBuildFile; fileRef = C630DBAF1A1FA6B80080B380 /* XCTest.framework */; };
		C630DBB11A1FA6B80080B380 /* Foundation.framework in Frameworks */ = {isa = PBXBuildFile; fileRef = C630DB8D1A1FA6B70080B380 /* Foundation.framework */; };
		C630DBB21A1FA6B80080B380 /* UIKit.framework in Frameworks */ = {isa = PBXBuildFile; fileRef = C630DB911A1FA6B70080B380 /* UIKit.framework */; };
		C630DBBA1A1FA6B80080B380 /* InfoPlist.strings in Resources */ = {isa = PBXBuildFile; fileRef = C630DBB81A1FA6B80080B380 /* InfoPlist.strings */; };
		C630DBBC1A1FA6B80080B380 /* Uni_appTests.m in Sources */ = {isa = PBXBuildFile; fileRef = C630DBBB1A1FA6B80080B380 /* Uni_appTests.m */; };
		C630DBC61A1FA7BA0080B380 /* splash_bg.jpg in Resources */ = {isa = PBXBuildFile; fileRef = C630DBC51A1FA7BA0080B380 /* splash_bg.jpg */; };
		C630DBC91A1FA7E60080B380 /* all_bg.jpg in Resources */ = {isa = PBXBuildFile; fileRef = C630DBC81A1FA7E60080B380 /* all_bg.jpg */; };
		C630DBCF1A1FAD340080B380 /* Default-568h@2x.png in Resources */ = {isa = PBXBuildFile; fileRef = C630DBCB1A1FAD340080B380 /* Default-568h@2x.png */; };
		C630DBD01A1FAD340080B380 /* Default.png in Resources */ = {isa = PBXBuildFile; fileRef = C630DBCC1A1FAD340080B380 /* Default.png */; };
		C630DBD11A1FAD340080B380 /* Default@2x.png in Resources */ = {isa = PBXBuildFile; fileRef = C630DBCD1A1FAD340080B380 /* Default@2x.png */; };
		C630DBD21A1FAD340080B380 /* slpash.png in Resources */ = {isa = PBXBuildFile; fileRef = C630DBCE1A1FAD340080B380 /* slpash.png */; };
		C630DBD41A1FB0140080B380 /* login_bg.jpg in Resources */ = {isa = PBXBuildFile; fileRef = C630DBD31A1FB0140080B380 /* login_bg.jpg */; };
		C630DBD61A1FB0380080B380 /* splash_logo.png in Resources */ = {isa = PBXBuildFile; fileRef = C630DBD51A1FB0380080B380 /* splash_logo.png */; };
		C630DBD81A1FB4DC0080B380 /* sign_UP_logo.png in Resources */ = {isa = PBXBuildFile; fileRef = C630DBD71A1FB4DC0080B380 /* sign_UP_logo.png */; };
		C630DBDA1A202C860080B380 /* uni_logo.png in Resources */ = {isa = PBXBuildFile; fileRef = C630DBD91A202C860080B380 /* uni_logo.png */; };
		C630DBDC1A2030A90080B380 /* signup_form_bg.png in Resources */ = {isa = PBXBuildFile; fileRef = C630DBDB1A2030A90080B380 /* signup_form_bg.png */; };
		C630DBE21A203D050080B380 /* email.png in Resources */ = {isa = PBXBuildFile; fileRef = C630DBDE1A203D050080B380 /* email.png */; };
		C630DBE31A203D050080B380 /* home.png in Resources */ = {isa = PBXBuildFile; fileRef = C630DBDF1A203D050080B380 /* home.png */; };
		C630DBE41A203D050080B380 /* phone.png in Resources */ = {isa = PBXBuildFile; fileRef = C630DBE01A203D050080B380 /* phone.png */; };
		C630DBE51A203D050080B380 /* web.png in Resources */ = {isa = PBXBuildFile; fileRef = C630DBE11A203D050080B380 /* web.png */; };
		C630DBE71A20400C0080B380 /* create_your_own.png in Resources */ = {isa = PBXBuildFile; fileRef = C630DBE61A20400C0080B380 /* create_your_own.png */; };
		C66117901A24F9EB0087B8BF /* PhotoViewController.m in Sources */ = {isa = PBXBuildFile; fileRef = C661178B1A24F9EB0087B8BF /* PhotoViewController.m */; };
		C66117911A24F9EB0087B8BF /* SidebarViewController.m in Sources */ = {isa = PBXBuildFile; fileRef = C661178D1A24F9EB0087B8BF /* SidebarViewController.m */; };
		C66117921A24F9EB0087B8BF /* SWRevealViewController.m in Sources */ = {isa = PBXBuildFile; fileRef = C661178F1A24F9EB0087B8BF /* SWRevealViewController.m */; };
		C66117951A24FC0C0087B8BF /* menu.png in Resources */ = {isa = PBXBuildFile; fileRef = C66117931A24FC0C0087B8BF /* menu.png */; };
		C66117961A24FC0C0087B8BF /* menu@2x.png in Resources */ = {isa = PBXBuildFile; fileRef = C66117941A24FC0C0087B8BF /* menu@2x.png */; };
		C66117991A25636F0087B8BF /* LoginViewController.m in Sources */ = {isa = PBXBuildFile; fileRef = C66117981A25636F0087B8BF /* LoginViewController.m */; };
		C661179C1A2563800087B8BF /* RegistrationViewController.m in Sources */ = {isa = PBXBuildFile; fileRef = C661179B1A2563800087B8BF /* RegistrationViewController.m */; };
		C661179E1A2565D20087B8BF /* CoreLocation.framework in Frameworks */ = {isa = PBXBuildFile; fileRef = C661179D1A2565D20087B8BF /* CoreLocation.framework */; };
		C66117A01A2565D90087B8BF /* MapKit.framework in Frameworks */ = {isa = PBXBuildFile; fileRef = C661179F1A2565D90087B8BF /* MapKit.framework */; };
		C6AB806B1A20C88F00E7468C /* Icon-60.png in Resources */ = {isa = PBXBuildFile; fileRef = C6AB80621A20C88F00E7468C /* Icon-60.png */; };
		C6AB806C1A20C88F00E7468C /* Icon-72.png in Resources */ = {isa = PBXBuildFile; fileRef = C6AB80631A20C88F00E7468C /* Icon-72.png */; };
		C6AB806D1A20C88F00E7468C /* Icon-72@2x.png in Resources */ = {isa = PBXBuildFile; fileRef = C6AB80641A20C88F00E7468C /* Icon-72@2x.png */; };
		C6AB806E1A20C88F00E7468C /* Icon-Small-50.png in Resources */ = {isa = PBXBuildFile; fileRef = C6AB80651A20C88F00E7468C /* Icon-Small-50.png */; };
		C6AB806F1A20C88F00E7468C /* Icon-Small-50@2x.png in Resources */ = {isa = PBXBuildFile; fileRef = C6AB80661A20C88F00E7468C /* Icon-Small-50@2x.png */; };
		C6AB80701A20C88F00E7468C /* Icon.png in Resources */ = {isa = PBXBuildFile; fileRef = C6AB80671A20C88F00E7468C /* Icon.png */; };
		C6AB80711A20C88F00E7468C /* Icon@2x.png in Resources */ = {isa = PBXBuildFile; fileRef = C6AB80681A20C88F00E7468C /* Icon@2x.png */; };
		C6AB80721A20C88F00E7468C /* iTunesArtwork.png in Resources */ = {isa = PBXBuildFile; fileRef = C6AB80691A20C88F00E7468C /* iTunesArtwork.png */; };
		C6AB80731A20C88F00E7468C /* iTunesArtwork@2x.png in Resources */ = {isa = PBXBuildFile; fileRef = C6AB806A1A20C88F00E7468C /* iTunesArtwork@2x.png */; };
		C6AB840F1A31D87300CF27BF /* TraditionCollectionViewController.m in Sources */ = {isa = PBXBuildFile; fileRef = C6AB840E1A31D87300CF27BF /* TraditionCollectionViewController.m */; };
		C6AB84121A31D90500CF27BF /* DetailTraditionViewController.m in Sources */ = {isa = PBXBuildFile; fileRef = C6AB84111A31D90500CF27BF /* DetailTraditionViewController.m */; };
		C6AB84211A31E3BF00CF27BF /* tradition1.png in Resources */ = {isa = PBXBuildFile; fileRef = C6AB84141A31E3BF00CF27BF /* tradition1.png */; };
		C6AB84221A31E3BF00CF27BF /* tradition2.png in Resources */ = {isa = PBXBuildFile; fileRef = C6AB84151A31E3BF00CF27BF /* tradition2.png */; };
		C6AB84231A31E3BF00CF27BF /* tradition3.png in Resources */ = {isa = PBXBuildFile; fileRef = C6AB84161A31E3BF00CF27BF /* tradition3.png */; };
		C6AB84241A31E3BF00CF27BF /* tradition4.png in Resources */ = {isa = PBXBuildFile; fileRef = C6AB84171A31E3BF00CF27BF /* tradition4.png */; };
		C6AB84251A31E3BF00CF27BF /* tradition5.png in Resources */ = {isa = PBXBuildFile; fileRef = C6AB84181A31E3BF00CF27BF /* tradition5.png */; };
		C6AB84261A31E3BF00CF27BF /* tradition6.png in Resources */ = {isa = PBXBuildFile; fileRef = C6AB84191A31E3BF00CF27BF /* tradition6.png */; };
		C6AB84271A31E3BF00CF27BF /* tradition7.png in Resources */ = {isa = PBXBuildFile; fileRef = C6AB841A1A31E3BF00CF27BF /* tradition7.png */; };
		C6AB84281A31E3BF00CF27BF /* tradition8.png in Resources */ = {isa = PBXBuildFile; fileRef = C6AB841B1A31E3BF00CF27BF /* tradition8.png */; };
		C6AB84291A31E3BF00CF27BF /* tradition9.png in Resources */ = {isa = PBXBuildFile; fileRef = C6AB841C1A31E3BF00CF27BF /* tradition9.png */; };
		C6AB842A1A31E3BF00CF27BF /* tradition10.png in Resources */ = {isa = PBXBuildFile; fileRef = C6AB841D1A31E3BF00CF27BF /* tradition10.png */; };
		C6AB842B1A31E3BF00CF27BF /* tradition11.png in Resources */ = {isa = PBXBuildFile; fileRef = C6AB841E1A31E3BF00CF27BF /* tradition11.png */; };
		C6AB842C1A31E3BF00CF27BF /* tradition12.png in Resources */ = {isa = PBXBuildFile; fileRef = C6AB841F1A31E3BF00CF27BF /* tradition12.png */; };
		C6AB842D1A31E3BF00CF27BF /* tradition13.png in Resources */ = {isa = PBXBuildFile; fileRef = C6AB84201A31E3BF00CF27BF /* tradition13.png */; };
		C6AB842F1A31E84D00CF27BF /* according-to-science-these-are-the-best-photos-to-use-in-your-dating-profile.png in Resources */ = {isa = PBXBuildFile; fileRef = C6AB842E1A31E84D00CF27BF /* according-to-science-these-are-the-best-photos-to-use-in-your-dating-profile.png */; };
		C6AB84311A32243500CF27BF /* SignUp.plist in Resources */ = {isa = PBXBuildFile; fileRef = C6AB84301A32243500CF27BF /* SignUp.plist */; };
		C6AB84331A32297E00CF27BF /* emptyBG.png in Resources */ = {isa = PBXBuildFile; fileRef = C6AB84321A32297E00CF27BF /* emptyBG.png */; };
		C6C0D5FE1A3AA3CC00F92A85 /* user.plist in Resources */ = {isa = PBXBuildFile; fileRef = C6C0D5FD1A3AA3CC00F92A85 /* user.plist */; };
		C6C3B1CF1A28C736008926F8 /* CreateOwnViewController.m in Sources */ = {isa = PBXBuildFile; fileRef = C6C3B1CE1A28C736008926F8 /* CreateOwnViewController.m */; };
		C6C3B1D61A28CA6F008926F8 /* MyTraditionViewController.m in Sources */ = {isa = PBXBuildFile; fileRef = C6C3B1D51A28CA6F008926F8 /* MyTraditionViewController.m */; };
		C6C3B1D91A28CA82008926F8 /* PictureViewController.m in Sources */ = {isa = PBXBuildFile; fileRef = C6C3B1D81A28CA82008926F8 /* PictureViewController.m */; };
		C6C3B1DC1A28CA8E008926F8 /* ListViewController.m in Sources */ = {isa = PBXBuildFile; fileRef = C6C3B1DB1A28CA8E008926F8 /* ListViewController.m */; };
		C6C3B1DF1A28CA9B008926F8 /* CalenderViewController.m in Sources */ = {isa = PBXBuildFile; fileRef = C6C3B1DE1A28CA9B008926F8 /* CalenderViewController.m */; };
		C6C3B1E31A28CAEB008926F8 /* LogoutViewController.m in Sources */ = {isa = PBXBuildFile; fileRef = C6C3B1E21A28CAEB008926F8 /* LogoutViewController.m */; };
		C6C3B1E61A28CB11008926F8 /* CreateOwnListViewController.m in Sources */ = {isa = PBXBuildFile; fileRef = C6C3B1E51A28CB11008926F8 /* CreateOwnListViewController.m */; };
		C6C3B1EB1A28D144008926F8 /* PictureGridViewController.m in Sources */ = {isa = PBXBuildFile; fileRef = C6C3B1EA1A28D144008926F8 /* PictureGridViewController.m */; };
		C6C45BCF1A3E77E6002C89B6 /* FacebookSDK.framework in Frameworks */ = {isa = PBXBuildFile; fileRef = C6C45BCE1A3E77E6002C89B6 /* FacebookSDK.framework */; };
		C6C804501A3C869700849140 /* university_icon.png in Resources */ = {isa = PBXBuildFile; fileRef = C6C8044F1A3C869700849140 /* university_icon.png */; };
		C6C804521A3C8A0000849140 /* navigationbar-bg.png in Resources */ = {isa = PBXBuildFile; fileRef = C6C804511A3C8A0000849140 /* navigationbar-bg.png */; };
		C6C804541A3C8D0000849140 /* uni-icon.png in Resources */ = {isa = PBXBuildFile; fileRef = C6C804531A3C8D0000849140 /* uni-icon.png */; };
		C6CE757A1A34CD18009977E3 /* QuartzCore.framework in Frameworks */ = {isa = PBXBuildFile; fileRef = C6CE75791A34CD18009977E3 /* QuartzCore.framework */; };
		C6CE757C1A34CD23009977E3 /* Social.framework in Frameworks */ = {isa = PBXBuildFile; fileRef = C6CE757B1A34CD23009977E3 /* Social.framework */; };
		C6CE757E1A34CD30009977E3 /* AVFoundation.framework in Frameworks */ = {isa = PBXBuildFile; fileRef = C6CE757D1A34CD30009977E3 /* AVFoundation.framework */; };
		C6CE75801A34CD9B009977E3 /* ImageIO.framework in Frameworks */ = {isa = PBXBuildFile; fileRef = C6CE757F1A34CD9B009977E3 /* ImageIO.framework */; };
/* End PBXBuildFile section */

/* Begin PBXContainerItemProxy section */
		C630DBB31A1FA6B80080B380 /* PBXContainerItemProxy */ = {
			isa = PBXContainerItemProxy;
			containerPortal = C630DB821A1FA6B70080B380 /* Project object */;
			proxyType = 1;
			remoteGlobalIDString = C630DB891A1FA6B70080B380;
			remoteInfo = "Uni app";
		};
/* End PBXContainerItemProxy section */

/* Begin PBXFileReference section */
		C6018C221A2FFA0300DA1D9E /* Reachability.h */ = {isa = PBXFileReference; fileEncoding = 4; lastKnownFileType = sourcecode.c.h; path = Reachability.h; sourceTree = "<group>"; };
		C6018C231A2FFA0300DA1D9E /* Reachability.m */ = {isa = PBXFileReference; fileEncoding = 4; lastKnownFileType = sourcecode.c.objc; path = Reachability.m; sourceTree = "<group>"; };
		C61C99351A2235950090AFFB /* ProfileViewController.h */ = {isa = PBXFileReference; fileEncoding = 4; lastKnownFileType = sourcecode.c.h; name = ProfileViewController.h; path = ../ProfileViewController.h; sourceTree = "<group>"; };
		C61C99361A2235950090AFFB /* ProfileViewController.m */ = {isa = PBXFileReference; fileEncoding = 4; lastKnownFileType = sourcecode.c.objc; name = ProfileViewController.m; path = ../ProfileViewController.m; sourceTree = "<group>"; };
		C61C99391A223AC90090AFFB /* facebook_blank_face3.jpeg */ = {isa = PBXFileReference; lastKnownFileType = image.jpeg; path = facebook_blank_face3.jpeg; sourceTree = "<group>"; };
		C61C99401A2247B80090AFFB /* calendarview.png */ = {isa = PBXFileReference; lastKnownFileType = image.png; path = calendarview.png; sourceTree = "<group>"; };
		C61C99411A2247B80090AFFB /* createown.png */ = {isa = PBXFileReference; lastKnownFileType = image.png; path = createown.png; sourceTree = "<group>"; };
		C61C99421A2247B80090AFFB /* leaderboard.png */ = {isa = PBXFileReference; lastKnownFileType = image.png; path = leaderboard.png; sourceTree = "<group>"; };
		C61C99431A2247B80090AFFB /* listview.png */ = {isa = PBXFileReference; lastKnownFileType = image.png; path = listview.png; sourceTree = "<group>"; };
		C61C99441A2247B80090AFFB /* menudrawerlogo.png */ = {isa = PBXFileReference; lastKnownFileType = image.png; path = menudrawerlogo.png; sourceTree = "<group>"; };
		C61C99451A2247B80090AFFB /* mytraditions.png */ = {isa = PBXFileReference; lastKnownFileType = image.png; path = mytraditions.png; sourceTree = "<group>"; };
		C61C99461A2247B80090AFFB /* pictureview.png */ = {isa = PBXFileReference; lastKnownFileType = image.png; path = pictureview.png; sourceTree = "<group>"; };
		C61C99471A2247B80090AFFB /* about.png */ = {isa = PBXFileReference; lastKnownFileType = image.png; path = about.png; sourceTree = "<group>"; };
		C61C99481A2247B80090AFFB /* logout.png */ = {isa = PBXFileReference; lastKnownFileType = image.png; path = logout.png; sourceTree = "<group>"; };
		C61C99491A2247B80090AFFB /* profile.png */ = {isa = PBXFileReference; lastKnownFileType = image.png; path = profile.png; sourceTree = "<group>"; };
		C61C99541A225F7F0090AFFB /* LeaderBoardViewController.h */ = {isa = PBXFileReference; fileEncoding = 4; lastKnownFileType = sourcecode.c.h; name = LeaderBoardViewController.h; path = ../LeaderBoardViewController.h; sourceTree = "<group>"; };
		C61C99551A225F7F0090AFFB /* LeaderBoardViewController.m */ = {isa = PBXFileReference; fileEncoding = 4; lastKnownFileType = sourcecode.c.objc; name = LeaderBoardViewController.m; path = ../LeaderBoardViewController.m; sourceTree = "<group>"; };
		C61C99571A2261590090AFFB /* gradient.png */ = {isa = PBXFileReference; lastKnownFileType = image.png; path = gradient.png; sourceTree = "<group>"; };
		C630DB8A1A1FA6B70080B380 /* Uni app.app */ = {isa = PBXFileReference; explicitFileType = wrapper.application; includeInIndex = 0; path = "Uni app.app"; sourceTree = BUILT_PRODUCTS_DIR; };
		C630DB8D1A1FA6B70080B380 /* Foundation.framework */ = {isa = PBXFileReference; lastKnownFileType = wrapper.framework; name = Foundation.framework; path = System/Library/Frameworks/Foundation.framework; sourceTree = SDKROOT; };
		C630DB8F1A1FA6B70080B380 /* CoreGraphics.framework */ = {isa = PBXFileReference; lastKnownFileType = wrapper.framework; name = CoreGraphics.framework; path = System/Library/Frameworks/CoreGraphics.framework; sourceTree = SDKROOT; };
		C630DB911A1FA6B70080B380 /* UIKit.framework */ = {isa = PBXFileReference; lastKnownFileType = wrapper.framework; name = UIKit.framework; path = System/Library/Frameworks/UIKit.framework; sourceTree = SDKROOT; };
		C630DB951A1FA6B70080B380 /* Uni app-Info.plist */ = {isa = PBXFileReference; lastKnownFileType = text.plist.xml; path = "Uni app-Info.plist"; sourceTree = "<group>"; };
		C630DB971A1FA6B70080B380 /* en */ = {isa = PBXFileReference; lastKnownFileType = text.plist.strings; name = en; path = en.lproj/InfoPlist.strings; sourceTree = "<group>"; };
		C630DB991A1FA6B70080B380 /* main.m */ = {isa = PBXFileReference; lastKnownFileType = sourcecode.c.objc; path = main.m; sourceTree = "<group>"; };
		C630DB9B1A1FA6B70080B380 /* Uni app-Prefix.pch */ = {isa = PBXFileReference; lastKnownFileType = sourcecode.c.h; path = "Uni app-Prefix.pch"; sourceTree = "<group>"; };
		C630DB9C1A1FA6B70080B380 /* AppDelegate.h */ = {isa = PBXFileReference; lastKnownFileType = sourcecode.c.h; path = AppDelegate.h; sourceTree = "<group>"; };
		C630DB9D1A1FA6B70080B380 /* AppDelegate.m */ = {isa = PBXFileReference; lastKnownFileType = sourcecode.c.objc; path = AppDelegate.m; sourceTree = "<group>"; };
		C630DBA01A1FA6B70080B380 /* Base */ = {isa = PBXFileReference; lastKnownFileType = file.storyboard; name = Base; path = Base.lproj/Main_iPhone.storyboard; sourceTree = "<group>"; };
		C630DBA31A1FA6B70080B380 /* Base */ = {isa = PBXFileReference; lastKnownFileType = file.storyboard; name = Base; path = Base.lproj/Main_iPad.storyboard; sourceTree = "<group>"; };
		C630DBA51A1FA6B70080B380 /* ViewController.h */ = {isa = PBXFileReference; lastKnownFileType = sourcecode.c.h; path = ViewController.h; sourceTree = "<group>"; };
		C630DBA61A1FA6B70080B380 /* ViewController.m */ = {isa = PBXFileReference; lastKnownFileType = sourcecode.c.objc; path = ViewController.m; sourceTree = "<group>"; };
		C630DBA81A1FA6B70080B380 /* Images.xcassets */ = {isa = PBXFileReference; lastKnownFileType = folder.assetcatalog; path = Images.xcassets; sourceTree = "<group>"; };
		C630DBAE1A1FA6B80080B380 /* Uni appTests.xctest */ = {isa = PBXFileReference; explicitFileType = wrapper.cfbundle; includeInIndex = 0; path = "Uni appTests.xctest"; sourceTree = BUILT_PRODUCTS_DIR; };
		C630DBAF1A1FA6B80080B380 /* XCTest.framework */ = {isa = PBXFileReference; lastKnownFileType = wrapper.framework; name = XCTest.framework; path = Library/Frameworks/XCTest.framework; sourceTree = DEVELOPER_DIR; };
		C630DBB71A1FA6B80080B380 /* Uni appTests-Info.plist */ = {isa = PBXFileReference; lastKnownFileType = text.plist.xml; path = "Uni appTests-Info.plist"; sourceTree = "<group>"; };
		C630DBB91A1FA6B80080B380 /* en */ = {isa = PBXFileReference; lastKnownFileType = text.plist.strings; name = en; path = en.lproj/InfoPlist.strings; sourceTree = "<group>"; };
		C630DBBB1A1FA6B80080B380 /* Uni_appTests.m */ = {isa = PBXFileReference; lastKnownFileType = sourcecode.c.objc; path = Uni_appTests.m; sourceTree = "<group>"; };
		C630DBC51A1FA7BA0080B380 /* splash_bg.jpg */ = {isa = PBXFileReference; lastKnownFileType = image.jpeg; path = splash_bg.jpg; sourceTree = "<group>"; };
		C630DBC81A1FA7E60080B380 /* all_bg.jpg */ = {isa = PBXFileReference; lastKnownFileType = image.jpeg; path = all_bg.jpg; sourceTree = "<group>"; };
		C630DBCB1A1FAD340080B380 /* Default-568h@2x.png */ = {isa = PBXFileReference; lastKnownFileType = image.png; path = "Default-568h@2x.png"; sourceTree = "<group>"; };
		C630DBCC1A1FAD340080B380 /* Default.png */ = {isa = PBXFileReference; lastKnownFileType = image.png; path = Default.png; sourceTree = "<group>"; };
		C630DBCD1A1FAD340080B380 /* Default@2x.png */ = {isa = PBXFileReference; lastKnownFileType = image.png; path = "Default@2x.png"; sourceTree = "<group>"; };
		C630DBCE1A1FAD340080B380 /* slpash.png */ = {isa = PBXFileReference; lastKnownFileType = image.png; path = slpash.png; sourceTree = "<group>"; };
		C630DBD31A1FB0140080B380 /* login_bg.jpg */ = {isa = PBXFileReference; lastKnownFileType = image.jpeg; path = login_bg.jpg; sourceTree = "<group>"; };
		C630DBD51A1FB0380080B380 /* splash_logo.png */ = {isa = PBXFileReference; lastKnownFileType = image.png; path = splash_logo.png; sourceTree = "<group>"; };
		C630DBD71A1FB4DC0080B380 /* sign_UP_logo.png */ = {isa = PBXFileReference; lastKnownFileType = image.png; path = sign_UP_logo.png; sourceTree = "<group>"; };
		C630DBD91A202C860080B380 /* uni_logo.png */ = {isa = PBXFileReference; lastKnownFileType = image.png; path = uni_logo.png; sourceTree = "<group>"; };
		C630DBDB1A2030A90080B380 /* signup_form_bg.png */ = {isa = PBXFileReference; lastKnownFileType = image.png; path = signup_form_bg.png; sourceTree = "<group>"; };
		C630DBDE1A203D050080B380 /* email.png */ = {isa = PBXFileReference; lastKnownFileType = image.png; path = email.png; sourceTree = "<group>"; };
		C630DBDF1A203D050080B380 /* home.png */ = {isa = PBXFileReference; lastKnownFileType = image.png; path = home.png; sourceTree = "<group>"; };
		C630DBE01A203D050080B380 /* phone.png */ = {isa = PBXFileReference; lastKnownFileType = image.png; path = phone.png; sourceTree = "<group>"; };
		C630DBE11A203D050080B380 /* web.png */ = {isa = PBXFileReference; lastKnownFileType = image.png; path = web.png; sourceTree = "<group>"; };
		C630DBE61A20400C0080B380 /* create_your_own.png */ = {isa = PBXFileReference; lastKnownFileType = image.png; path = create_your_own.png; sourceTree = "<group>"; };
		C661178A1A24F9EB0087B8BF /* PhotoViewController.h */ = {isa = PBXFileReference; fileEncoding = 4; lastKnownFileType = sourcecode.c.h; path = PhotoViewController.h; sourceTree = "<group>"; };
		C661178B1A24F9EB0087B8BF /* PhotoViewController.m */ = {isa = PBXFileReference; fileEncoding = 4; lastKnownFileType = sourcecode.c.objc; path = PhotoViewController.m; sourceTree = "<group>"; };
		C661178C1A24F9EB0087B8BF /* SidebarViewController.h */ = {isa = PBXFileReference; fileEncoding = 4; lastKnownFileType = sourcecode.c.h; path = SidebarViewController.h; sourceTree = "<group>"; };
		C661178D1A24F9EB0087B8BF /* SidebarViewController.m */ = {isa = PBXFileReference; fileEncoding = 4; lastKnownFileType = sourcecode.c.objc; path = SidebarViewController.m; sourceTree = "<group>"; };
		C661178E1A24F9EB0087B8BF /* SWRevealViewController.h */ = {isa = PBXFileReference; fileEncoding = 4; lastKnownFileType = sourcecode.c.h; path = SWRevealViewController.h; sourceTree = "<group>"; };
		C661178F1A24F9EB0087B8BF /* SWRevealViewController.m */ = {isa = PBXFileReference; fileEncoding = 4; lastKnownFileType = sourcecode.c.objc; path = SWRevealViewController.m; sourceTree = "<group>"; };
		C66117931A24FC0C0087B8BF /* menu.png */ = {isa = PBXFileReference; lastKnownFileType = image.png; path = menu.png; sourceTree = "<group>"; };
		C66117941A24FC0C0087B8BF /* menu@2x.png */ = {isa = PBXFileReference; lastKnownFileType = image.png; path = "menu@2x.png"; sourceTree = "<group>"; };
		C66117971A25636F0087B8BF /* LoginViewController.h */ = {isa = PBXFileReference; fileEncoding = 4; lastKnownFileType = sourcecode.c.h; path = LoginViewController.h; sourceTree = "<group>"; };
		C66117981A25636F0087B8BF /* LoginViewController.m */ = {isa = PBXFileReference; fileEncoding = 4; lastKnownFileType = sourcecode.c.objc; path = LoginViewController.m; sourceTree = "<group>"; };
		C661179A1A2563800087B8BF /* RegistrationViewController.h */ = {isa = PBXFileReference; fileEncoding = 4; lastKnownFileType = sourcecode.c.h; path = RegistrationViewController.h; sourceTree = "<group>"; };
		C661179B1A2563800087B8BF /* RegistrationViewController.m */ = {isa = PBXFileReference; fileEncoding = 4; lastKnownFileType = sourcecode.c.objc; path = RegistrationViewController.m; sourceTree = "<group>"; };
		C661179D1A2565D20087B8BF /* CoreLocation.framework */ = {isa = PBXFileReference; lastKnownFileType = wrapper.framework; name = CoreLocation.framework; path = System/Library/Frameworks/CoreLocation.framework; sourceTree = SDKROOT; };
		C661179F1A2565D90087B8BF /* MapKit.framework */ = {isa = PBXFileReference; lastKnownFileType = wrapper.framework; name = MapKit.framework; path = System/Library/Frameworks/MapKit.framework; sourceTree = SDKROOT; };
		C6AB80621A20C88F00E7468C /* Icon-60.png */ = {isa = PBXFileReference; lastKnownFileType = image.png; path = "Icon-60.png"; sourceTree = "<group>"; };
		C6AB80631A20C88F00E7468C /* Icon-72.png */ = {isa = PBXFileReference; lastKnownFileType = image.png; path = "Icon-72.png"; sourceTree = "<group>"; };
		C6AB80641A20C88F00E7468C /* Icon-72@2x.png */ = {isa = PBXFileReference; lastKnownFileType = image.png; path = "Icon-72@2x.png"; sourceTree = "<group>"; };
		C6AB80651A20C88F00E7468C /* Icon-Small-50.png */ = {isa = PBXFileReference; lastKnownFileType = image.png; path = "Icon-Small-50.png"; sourceTree = "<group>"; };
		C6AB80661A20C88F00E7468C /* Icon-Small-50@2x.png */ = {isa = PBXFileReference; lastKnownFileType = image.png; path = "Icon-Small-50@2x.png"; sourceTree = "<group>"; };
		C6AB80671A20C88F00E7468C /* Icon.png */ = {isa = PBXFileReference; lastKnownFileType = image.png; path = Icon.png; sourceTree = "<group>"; };
		C6AB80681A20C88F00E7468C /* Icon@2x.png */ = {isa = PBXFileReference; lastKnownFileType = image.png; path = "Icon@2x.png"; sourceTree = "<group>"; };
		C6AB80691A20C88F00E7468C /* iTunesArtwork.png */ = {isa = PBXFileReference; lastKnownFileType = image.png; path = iTunesArtwork.png; sourceTree = "<group>"; };
		C6AB806A1A20C88F00E7468C /* iTunesArtwork@2x.png */ = {isa = PBXFileReference; lastKnownFileType = image.png; path = "iTunesArtwork@2x.png"; sourceTree = "<group>"; };
		C6AB840D1A31D87300CF27BF /* TraditionCollectionViewController.h */ = {isa = PBXFileReference; fileEncoding = 4; lastKnownFileType = sourcecode.c.h; path = TraditionCollectionViewController.h; sourceTree = "<group>"; };
		C6AB840E1A31D87300CF27BF /* TraditionCollectionViewController.m */ = {isa = PBXFileReference; fileEncoding = 4; lastKnownFileType = sourcecode.c.objc; path = TraditionCollectionViewController.m; sourceTree = "<group>"; };
		C6AB84101A31D90500CF27BF /* DetailTraditionViewController.h */ = {isa = PBXFileReference; fileEncoding = 4; lastKnownFileType = sourcecode.c.h; path = DetailTraditionViewController.h; sourceTree = "<group>"; };
		C6AB84111A31D90500CF27BF /* DetailTraditionViewController.m */ = {isa = PBXFileReference; fileEncoding = 4; lastKnownFileType = sourcecode.c.objc; path = DetailTraditionViewController.m; sourceTree = "<group>"; };
		C6AB84141A31E3BF00CF27BF /* tradition1.png */ = {isa = PBXFileReference; lastKnownFileType = image.png; path = tradition1.png; sourceTree = "<group>"; };
		C6AB84151A31E3BF00CF27BF /* tradition2.png */ = {isa = PBXFileReference; lastKnownFileType = image.png; path = tradition2.png; sourceTree = "<group>"; };
		C6AB84161A31E3BF00CF27BF /* tradition3.png */ = {isa = PBXFileReference; lastKnownFileType = image.png; path = tradition3.png; sourceTree = "<group>"; };
		C6AB84171A31E3BF00CF27BF /* tradition4.png */ = {isa = PBXFileReference; lastKnownFileType = image.png; path = tradition4.png; sourceTree = "<group>"; };
		C6AB84181A31E3BF00CF27BF /* tradition5.png */ = {isa = PBXFileReference; lastKnownFileType = image.png; path = tradition5.png; sourceTree = "<group>"; };
		C6AB84191A31E3BF00CF27BF /* tradition6.png */ = {isa = PBXFileReference; lastKnownFileType = image.png; path = tradition6.png; sourceTree = "<group>"; };
		C6AB841A1A31E3BF00CF27BF /* tradition7.png */ = {isa = PBXFileReference; lastKnownFileType = image.png; path = tradition7.png; sourceTree = "<group>"; };
		C6AB841B1A31E3BF00CF27BF /* tradition8.png */ = {isa = PBXFileReference; lastKnownFileType = image.png; path = tradition8.png; sourceTree = "<group>"; };
		C6AB841C1A31E3BF00CF27BF /* tradition9.png */ = {isa = PBXFileReference; lastKnownFileType = image.png; path = tradition9.png; sourceTree = "<group>"; };
		C6AB841D1A31E3BF00CF27BF /* tradition10.png */ = {isa = PBXFileReference; lastKnownFileType = image.png; path = tradition10.png; sourceTree = "<group>"; };
		C6AB841E1A31E3BF00CF27BF /* tradition11.png */ = {isa = PBXFileReference; lastKnownFileType = image.png; path = tradition11.png; sourceTree = "<group>"; };
		C6AB841F1A31E3BF00CF27BF /* tradition12.png */ = {isa = PBXFileReference; lastKnownFileType = image.png; path = tradition12.png; sourceTree = "<group>"; };
		C6AB84201A31E3BF00CF27BF /* tradition13.png */ = {isa = PBXFileReference; lastKnownFileType = image.png; path = tradition13.png; sourceTree = "<group>"; };
		C6AB842E1A31E84D00CF27BF /* according-to-science-these-are-the-best-photos-to-use-in-your-dating-profile.png */ = {isa = PBXFileReference; lastKnownFileType = image.png; path = "according-to-science-these-are-the-best-photos-to-use-in-your-dating-profile.png"; sourceTree = "<group>"; };
		C6AB84301A32243500CF27BF /* SignUp.plist */ = {isa = PBXFileReference; fileEncoding = 4; lastKnownFileType = text.plist.xml; path = SignUp.plist; sourceTree = "<group>"; };
		C6AB84321A32297E00CF27BF /* emptyBG.png */ = {isa = PBXFileReference; lastKnownFileType = image.png; path = emptyBG.png; sourceTree = "<group>"; };
		C6C0D5FD1A3AA3CC00F92A85 /* user.plist */ = {isa = PBXFileReference; fileEncoding = 4; lastKnownFileType = text.plist.xml; path = user.plist; sourceTree = "<group>"; };
		C6C3B1CD1A28C736008926F8 /* CreateOwnViewController.h */ = {isa = PBXFileReference; fileEncoding = 4; lastKnownFileType = sourcecode.c.h; path = CreateOwnViewController.h; sourceTree = "<group>"; };
		C6C3B1CE1A28C736008926F8 /* CreateOwnViewController.m */ = {isa = PBXFileReference; fileEncoding = 4; lastKnownFileType = sourcecode.c.objc; path = CreateOwnViewController.m; sourceTree = "<group>"; };
		C6C3B1D41A28CA6F008926F8 /* MyTraditionViewController.h */ = {isa = PBXFileReference; fileEncoding = 4; lastKnownFileType = sourcecode.c.h; path = MyTraditionViewController.h; sourceTree = "<group>"; };
		C6C3B1D51A28CA6F008926F8 /* MyTraditionViewController.m */ = {isa = PBXFileReference; fileEncoding = 4; lastKnownFileType = sourcecode.c.objc; path = MyTraditionViewController.m; sourceTree = "<group>"; };
		C6C3B1D71A28CA82008926F8 /* PictureViewController.h */ = {isa = PBXFileReference; fileEncoding = 4; lastKnownFileType = sourcecode.c.h; path = PictureViewController.h; sourceTree = "<group>"; };
		C6C3B1D81A28CA82008926F8 /* PictureViewController.m */ = {isa = PBXFileReference; fileEncoding = 4; lastKnownFileType = sourcecode.c.objc; path = PictureViewController.m; sourceTree = "<group>"; };
		C6C3B1DA1A28CA8E008926F8 /* ListViewController.h */ = {isa = PBXFileReference; fileEncoding = 4; lastKnownFileType = sourcecode.c.h; path = ListViewController.h; sourceTree = "<group>"; };
		C6C3B1DB1A28CA8E008926F8 /* ListViewController.m */ = {isa = PBXFileReference; fileEncoding = 4; lastKnownFileType = sourcecode.c.objc; path = ListViewController.m; sourceTree = "<group>"; };
		C6C3B1DD1A28CA9B008926F8 /* CalenderViewController.h */ = {isa = PBXFileReference; fileEncoding = 4; lastKnownFileType = sourcecode.c.h; path = CalenderViewController.h; sourceTree = "<group>"; };
		C6C3B1DE1A28CA9B008926F8 /* CalenderViewController.m */ = {isa = PBXFileReference; fileEncoding = 4; lastKnownFileType = sourcecode.c.objc; path = CalenderViewController.m; sourceTree = "<group>"; };
		C6C3B1E11A28CAEB008926F8 /* LogoutViewController.h */ = {isa = PBXFileReference; fileEncoding = 4; lastKnownFileType = sourcecode.c.h; path = LogoutViewController.h; sourceTree = "<group>"; };
		C6C3B1E21A28CAEB008926F8 /* LogoutViewController.m */ = {isa = PBXFileReference; fileEncoding = 4; lastKnownFileType = sourcecode.c.objc; path = LogoutViewController.m; sourceTree = "<group>"; };
		C6C3B1E41A28CB11008926F8 /* CreateOwnListViewController.h */ = {isa = PBXFileReference; fileEncoding = 4; lastKnownFileType = sourcecode.c.h; path = CreateOwnListViewController.h; sourceTree = "<group>"; };
		C6C3B1E51A28CB11008926F8 /* CreateOwnListViewController.m */ = {isa = PBXFileReference; fileEncoding = 4; lastKnownFileType = sourcecode.c.objc; path = CreateOwnListViewController.m; sourceTree = "<group>"; };
		C6C3B1E91A28D144008926F8 /* PictureGridViewController.h */ = {isa = PBXFileReference; fileEncoding = 4; lastKnownFileType = sourcecode.c.h; name = PictureGridViewController.h; path = ../PictureGridViewController.h; sourceTree = "<group>"; };
		C6C3B1EA1A28D144008926F8 /* PictureGridViewController.m */ = {isa = PBXFileReference; fileEncoding = 4; lastKnownFileType = sourcecode.c.objc; name = PictureGridViewController.m; path = ../PictureGridViewController.m; sourceTree = "<group>"; };
		C6C45BCE1A3E77E6002C89B6 /* FacebookSDK.framework */ = {isa = PBXFileReference; lastKnownFileType = wrapper.framework; path = FacebookSDK.framework; sourceTree = "<group>"; };
		C6C8044F1A3C869700849140 /* university_icon.png */ = {isa = PBXFileReference; lastKnownFileType = image.png; path = university_icon.png; sourceTree = "<group>"; };
		C6C804511A3C8A0000849140 /* navigationbar-bg.png */ = {isa = PBXFileReference; lastKnownFileType = image.png; path = "navigationbar-bg.png"; sourceTree = "<group>"; };
		C6C804531A3C8D0000849140 /* uni-icon.png */ = {isa = PBXFileReference; lastKnownFileType = image.png; path = "uni-icon.png"; sourceTree = "<group>"; };
		C6CE75791A34CD18009977E3 /* QuartzCore.framework */ = {isa = PBXFileReference; lastKnownFileType = wrapper.framework; name = QuartzCore.framework; path = System/Library/Frameworks/QuartzCore.framework; sourceTree = SDKROOT; };
		C6CE757B1A34CD23009977E3 /* Social.framework */ = {isa = PBXFileReference; lastKnownFileType = wrapper.framework; name = Social.framework; path = System/Library/Frameworks/Social.framework; sourceTree = SDKROOT; };
		C6CE757D1A34CD30009977E3 /* AVFoundation.framework */ = {isa = PBXFileReference; lastKnownFileType = wrapper.framework; name = AVFoundation.framework; path = System/Library/Frameworks/AVFoundation.framework; sourceTree = SDKROOT; };
		C6CE757F1A34CD9B009977E3 /* ImageIO.framework */ = {isa = PBXFileReference; lastKnownFileType = wrapper.framework; name = ImageIO.framework; path = System/Library/Frameworks/ImageIO.framework; sourceTree = SDKROOT; };
/* End PBXFileReference section */

/* Begin PBXFrameworksBuildPhase section */
		C630DB871A1FA6B70080B380 /* Frameworks */ = {
			isa = PBXFrameworksBuildPhase;
			buildActionMask = 2147483647;
			files = (
				C6CE75801A34CD9B009977E3 /* ImageIO.framework in Frameworks */,
				C6C45BCF1A3E77E6002C89B6 /* FacebookSDK.framework in Frameworks */,
				C6CE757E1A34CD30009977E3 /* AVFoundation.framework in Frameworks */,
				C6CE757C1A34CD23009977E3 /* Social.framework in Frameworks */,
				C6CE757A1A34CD18009977E3 /* QuartzCore.framework in Frameworks */,
				C66117A01A2565D90087B8BF /* MapKit.framework in Frameworks */,
				C661179E1A2565D20087B8BF /* CoreLocation.framework in Frameworks */,
				C630DB901A1FA6B70080B380 /* CoreGraphics.framework in Frameworks */,
				C630DB921A1FA6B70080B380 /* UIKit.framework in Frameworks */,
				C630DB8E1A1FA6B70080B380 /* Foundation.framework in Frameworks */,
			);
			runOnlyForDeploymentPostprocessing = 0;
		};
		C630DBAB1A1FA6B80080B380 /* Frameworks */ = {
			isa = PBXFrameworksBuildPhase;
			buildActionMask = 2147483647;
			files = (
				C630DBB01A1FA6B80080B380 /* XCTest.framework in Frameworks */,
				C630DBB21A1FA6B80080B380 /* UIKit.framework in Frameworks */,
				C630DBB11A1FA6B80080B380 /* Foundation.framework in Frameworks */,
			);
			runOnlyForDeploymentPostprocessing = 0;
		};
/* End PBXFrameworksBuildPhase section */

/* Begin PBXGroup section */
		C61C99381A223AB90090AFFB /* Profile Pic */ = {
			isa = PBXGroup;
			children = (
				C6AB842E1A31E84D00CF27BF /* according-to-science-these-are-the-best-photos-to-use-in-your-dating-profile.png */,
				C61C99391A223AC90090AFFB /* facebook_blank_face3.jpeg */,
			);
			name = "Profile Pic";
			sourceTree = "<group>";
		};
		C61C993F1A22435E0090AFFB /* Menu Drawer */ = {
			isa = PBXGroup;
			children = (
				C61C99401A2247B80090AFFB /* calendarview.png */,
				C61C99411A2247B80090AFFB /* createown.png */,
				C61C99421A2247B80090AFFB /* leaderboard.png */,
				C61C99431A2247B80090AFFB /* listview.png */,
				C61C99441A2247B80090AFFB /* menudrawerlogo.png */,
				C61C99451A2247B80090AFFB /* mytraditions.png */,
				C61C99461A2247B80090AFFB /* pictureview.png */,
				C61C99471A2247B80090AFFB /* about.png */,
				C61C99481A2247B80090AFFB /* logout.png */,
				C61C99491A2247B80090AFFB /* profile.png */,
			);
			name = "Menu Drawer";
			sourceTree = "<group>";
		};
		C630DB811A1FA6B70080B380 = {
			isa = PBXGroup;
			children = (
				C630DB931A1FA6B70080B380 /* Uni app */,
				C630DBB51A1FA6B80080B380 /* Uni appTests */,
				C630DB8C1A1FA6B70080B380 /* Frameworks */,
				C630DB8B1A1FA6B70080B380 /* Products */,
			);
			sourceTree = "<group>";
		};
		C630DB8B1A1FA6B70080B380 /* Products */ = {
			isa = PBXGroup;
			children = (
				C630DB8A1A1FA6B70080B380 /* Uni app.app */,
				C630DBAE1A1FA6B80080B380 /* Uni appTests.xctest */,
			);
			name = Products;
			sourceTree = "<group>";
		};
		C630DB8C1A1FA6B70080B380 /* Frameworks */ = {
			isa = PBXGroup;
			children = (
				C6C45BCE1A3E77E6002C89B6 /* FacebookSDK.framework */,
				C6CE757F1A34CD9B009977E3 /* ImageIO.framework */,
				C6CE757D1A34CD30009977E3 /* AVFoundation.framework */,
				C6CE757B1A34CD23009977E3 /* Social.framework */,
				C6CE75791A34CD18009977E3 /* QuartzCore.framework */,
				C661179F1A2565D90087B8BF /* MapKit.framework */,
				C661179D1A2565D20087B8BF /* CoreLocation.framework */,
				C630DB8D1A1FA6B70080B380 /* Foundation.framework */,
				C630DB8F1A1FA6B70080B380 /* CoreGraphics.framework */,
				C630DB911A1FA6B70080B380 /* UIKit.framework */,
				C630DBAF1A1FA6B80080B380 /* XCTest.framework */,
			);
			name = Frameworks;
			sourceTree = "<group>";
		};
		C630DB931A1FA6B70080B380 /* Uni app */ = {
			isa = PBXGroup;
			children = (
				C6C3B1E91A28D144008926F8 /* PictureGridViewController.h */,
				C6C3B1EA1A28D144008926F8 /* PictureGridViewController.m */,
				C6C3B1E81A28CBEF008926F8 /* My Profile */,
				C6C3B1E01A28CAA5008926F8 /* Tradition */,
				C6C3B1E71A28CBDA008926F8 /* Create Your Own */,
				C6C3B1D11A28C9D8008926F8 /* Library */,
				C6C3B1D01A28C9C2008926F8 /* Login-Registration */,
				C6C3B1D21A28C9E5008926F8 /* MenuDrawer */,
				C661178A1A24F9EB0087B8BF /* PhotoViewController.h */,
				C661178B1A24F9EB0087B8BF /* PhotoViewController.m */,
				C61C99541A225F7F0090AFFB /* LeaderBoardViewController.h */,
				C61C99551A225F7F0090AFFB /* LeaderBoardViewController.m */,
				C61C99351A2235950090AFFB /* ProfileViewController.h */,
				C61C99361A2235950090AFFB /* ProfileViewController.m */,
				C6C3B1D31A28CA13008926F8 /* Dashboard-Welcome */,
				C61C993F1A22435E0090AFFB /* Menu Drawer */,
				C6AB80611A20C87100E7468C /* App Icon */,
				C630DBCA1A1FAD0B0080B380 /* Splash Screen */,
				C630DBC71A1FA7C70080B380 /* Images */,
				C630DB9C1A1FA6B70080B380 /* AppDelegate.h */,
				C630DB9D1A1FA6B70080B380 /* AppDelegate.m */,
				C630DB9F1A1FA6B70080B380 /* Main_iPhone.storyboard */,
				C630DBA21A1FA6B70080B380 /* Main_iPad.storyboard */,
				C630DBA81A1FA6B70080B380 /* Images.xcassets */,
				C630DB941A1FA6B70080B380 /* Supporting Files */,
			);
			path = "Uni app";
			sourceTree = "<group>";
		};
		C630DB941A1FA6B70080B380 /* Supporting Files */ = {
			isa = PBXGroup;
			children = (
				C630DB951A1FA6B70080B380 /* Uni app-Info.plist */,
				C630DB961A1FA6B70080B380 /* InfoPlist.strings */,
				C630DB991A1FA6B70080B380 /* main.m */,
				C630DB9B1A1FA6B70080B380 /* Uni app-Prefix.pch */,
			);
			name = "Supporting Files";
			sourceTree = "<group>";
		};
		C630DBB51A1FA6B80080B380 /* Uni appTests */ = {
			isa = PBXGroup;
			children = (
				C630DBBB1A1FA6B80080B380 /* Uni_appTests.m */,
				C630DBB61A1FA6B80080B380 /* Supporting Files */,
			);
			path = "Uni appTests";
			sourceTree = "<group>";
		};
		C630DBB61A1FA6B80080B380 /* Supporting Files */ = {
			isa = PBXGroup;
			children = (
				C630DBB71A1FA6B80080B380 /* Uni appTests-Info.plist */,
				C630DBB81A1FA6B80080B380 /* InfoPlist.strings */,
			);
			name = "Supporting Files";
			sourceTree = "<group>";
		};
		C630DBC71A1FA7C70080B380 /* Images */ = {
			isa = PBXGroup;
			children = (
				C6C804531A3C8D0000849140 /* uni-icon.png */,
				C6C804511A3C8A0000849140 /* navigationbar-bg.png */,
				C66117931A24FC0C0087B8BF /* menu.png */,
				C6C8044F1A3C869700849140 /* university_icon.png */,
				C66117941A24FC0C0087B8BF /* menu@2x.png */,
				C61C99381A223AB90090AFFB /* Profile Pic */,
				C630DBDD1A203CE80080B380 /* Contact */,
				C630DBDB1A2030A90080B380 /* signup_form_bg.png */,
				C630DBE61A20400C0080B380 /* create_your_own.png */,
				C630DBD91A202C860080B380 /* uni_logo.png */,
				C630DBC81A1FA7E60080B380 /* all_bg.jpg */,
				C630DBD51A1FB0380080B380 /* splash_logo.png */,
				C630DBD71A1FB4DC0080B380 /* sign_UP_logo.png */,
				C630DBD31A1FB0140080B380 /* login_bg.jpg */,
				C61C99571A2261590090AFFB /* gradient.png */,
				C630DBC51A1FA7BA0080B380 /* splash_bg.jpg */,
			);
			name = Images;
			sourceTree = "<group>";
		};
		C630DBCA1A1FAD0B0080B380 /* Splash Screen */ = {
			isa = PBXGroup;
			children = (
				C630DBCB1A1FAD340080B380 /* Default-568h@2x.png */,
				C630DBCC1A1FAD340080B380 /* Default.png */,
				C630DBCD1A1FAD340080B380 /* Default@2x.png */,
				C630DBCE1A1FAD340080B380 /* slpash.png */,
			);
			name = "Splash Screen";
			sourceTree = "<group>";
		};
		C630DBDD1A203CE80080B380 /* Contact */ = {
			isa = PBXGroup;
			children = (
				C630DBDE1A203D050080B380 /* email.png */,
				C630DBDF1A203D050080B380 /* home.png */,
				C630DBE01A203D050080B380 /* phone.png */,
				C630DBE11A203D050080B380 /* web.png */,
			);
			name = Contact;
			sourceTree = "<group>";
		};
		C6AB80611A20C87100E7468C /* App Icon */ = {
			isa = PBXGroup;
			children = (
				C6AB80621A20C88F00E7468C /* Icon-60.png */,
				C6AB80631A20C88F00E7468C /* Icon-72.png */,
				C6AB80641A20C88F00E7468C /* Icon-72@2x.png */,
				C6AB80651A20C88F00E7468C /* Icon-Small-50.png */,
				C6AB80661A20C88F00E7468C /* Icon-Small-50@2x.png */,
				C6AB80671A20C88F00E7468C /* Icon.png */,
				C6AB80681A20C88F00E7468C /* Icon@2x.png */,
				C6AB80691A20C88F00E7468C /* iTunesArtwork.png */,
				C6AB806A1A20C88F00E7468C /* iTunesArtwork@2x.png */,
			);
			name = "App Icon";
			sourceTree = "<group>";
		};
		C6AB84131A31E36B00CF27BF /* Photos */ = {
			isa = PBXGroup;
			children = (
				C6AB84141A31E3BF00CF27BF /* tradition1.png */,
				C6AB84151A31E3BF00CF27BF /* tradition2.png */,
				C6AB84161A31E3BF00CF27BF /* tradition3.png */,
				C6AB84171A31E3BF00CF27BF /* tradition4.png */,
				C6AB84181A31E3BF00CF27BF /* tradition5.png */,
				C6AB84191A31E3BF00CF27BF /* tradition6.png */,
				C6AB841A1A31E3BF00CF27BF /* tradition7.png */,
				C6AB841B1A31E3BF00CF27BF /* tradition8.png */,
				C6AB841C1A31E3BF00CF27BF /* tradition9.png */,
				C6AB841D1A31E3BF00CF27BF /* tradition10.png */,
				C6AB841E1A31E3BF00CF27BF /* tradition11.png */,
				C6AB841F1A31E3BF00CF27BF /* tradition12.png */,
				C6AB84201A31E3BF00CF27BF /* tradition13.png */,
			);
			name = Photos;
			sourceTree = "<group>";
		};
		C6C3B1D01A28C9C2008926F8 /* Login-Registration */ = {
			isa = PBXGroup;
			children = (
				C6AB84321A32297E00CF27BF /* emptyBG.png */,
				C6C0D5FD1A3AA3CC00F92A85 /* user.plist */,
				C6AB84301A32243500CF27BF /* SignUp.plist */,
				C661179A1A2563800087B8BF /* RegistrationViewController.h */,
				C661179B1A2563800087B8BF /* RegistrationViewController.m */,
				C66117971A25636F0087B8BF /* LoginViewController.h */,
				C66117981A25636F0087B8BF /* LoginViewController.m */,
			);
			name = "Login-Registration";
			path = ..;
			sourceTree = "<group>";
		};
		C6C3B1D11A28C9D8008926F8 /* Library */ = {
			isa = PBXGroup;
			children = (
				C6018C221A2FFA0300DA1D9E /* Reachability.h */,
				C6018C231A2FFA0300DA1D9E /* Reachability.m */,
				C661178E1A24F9EB0087B8BF /* SWRevealViewController.h */,
				C661178F1A24F9EB0087B8BF /* SWRevealViewController.m */,
			);
			name = Library;
			sourceTree = "<group>";
		};
		C6C3B1D21A28C9E5008926F8 /* MenuDrawer */ = {
			isa = PBXGroup;
			children = (
				C661178C1A24F9EB0087B8BF /* SidebarViewController.h */,
				C661178D1A24F9EB0087B8BF /* SidebarViewController.m */,
			);
			name = MenuDrawer;
			sourceTree = "<group>";
		};
		C6C3B1D31A28CA13008926F8 /* Dashboard-Welcome */ = {
			isa = PBXGroup;
			children = (
				C630DBA51A1FA6B70080B380 /* ViewController.h */,
				C630DBA61A1FA6B70080B380 /* ViewController.m */,
			);
			name = "Dashboard-Welcome";
			sourceTree = "<group>";
		};
		C6C3B1E01A28CAA5008926F8 /* Tradition */ = {
			isa = PBXGroup;
			children = (
				C6AB84131A31E36B00CF27BF /* Photos */,
				C6AB84101A31D90500CF27BF /* DetailTraditionViewController.h */,
				C6AB84111A31D90500CF27BF /* DetailTraditionViewController.m */,
				C6AB840D1A31D87300CF27BF /* TraditionCollectionViewController.h */,
				C6AB840E1A31D87300CF27BF /* TraditionCollectionViewController.m */,
				C6C3B1DD1A28CA9B008926F8 /* CalenderViewController.h */,
				C6C3B1DE1A28CA9B008926F8 /* CalenderViewController.m */,
				C6C3B1DA1A28CA8E008926F8 /* ListViewController.h */,
				C6C3B1DB1A28CA8E008926F8 /* ListViewController.m */,
				C6C3B1D71A28CA82008926F8 /* PictureViewController.h */,
				C6C3B1D81A28CA82008926F8 /* PictureViewController.m */,
			);
			name = Tradition;
			path = ..;
			sourceTree = "<group>";
		};
		C6C3B1E71A28CBDA008926F8 /* Create Your Own */ = {
			isa = PBXGroup;
			children = (
				C6C3B1E41A28CB11008926F8 /* CreateOwnListViewController.h */,
				C6C3B1E51A28CB11008926F8 /* CreateOwnListViewController.m */,
				C6C3B1CD1A28C736008926F8 /* CreateOwnViewController.h */,
				C6C3B1CE1A28C736008926F8 /* CreateOwnViewController.m */,
			);
			name = "Create Your Own";
			path = ..;
			sourceTree = "<group>";
		};
		C6C3B1E81A28CBEF008926F8 /* My Profile */ = {
			isa = PBXGroup;
			children = (
				C6C3B1E11A28CAEB008926F8 /* LogoutViewController.h */,
				C6C3B1E21A28CAEB008926F8 /* LogoutViewController.m */,
				C6C3B1D41A28CA6F008926F8 /* MyTraditionViewController.h */,
				C6C3B1D51A28CA6F008926F8 /* MyTraditionViewController.m */,
			);
			name = "My Profile";
			path = ..;
			sourceTree = "<group>";
		};
/* End PBXGroup section */

/* Begin PBXNativeTarget section */
		C630DB891A1FA6B70080B380 /* Uni app */ = {
			isa = PBXNativeTarget;
			buildConfigurationList = C630DBBF1A1FA6B80080B380 /* Build configuration list for PBXNativeTarget "Uni app" */;
			buildPhases = (
				C630DB861A1FA6B70080B380 /* Sources */,
				C630DB871A1FA6B70080B380 /* Frameworks */,
				C630DB881A1FA6B70080B380 /* Resources */,
			);
			buildRules = (
			);
			dependencies = (
			);
			name = "Uni app";
			productName = "Uni app";
			productReference = C630DB8A1A1FA6B70080B380 /* Uni app.app */;
			productType = "com.apple.product-type.application";
		};
		C630DBAD1A1FA6B80080B380 /* Uni appTests */ = {
			isa = PBXNativeTarget;
			buildConfigurationList = C630DBC21A1FA6B80080B380 /* Build configuration list for PBXNativeTarget "Uni appTests" */;
			buildPhases = (
				C630DBAA1A1FA6B80080B380 /* Sources */,
				C630DBAB1A1FA6B80080B380 /* Frameworks */,
				C630DBAC1A1FA6B80080B380 /* Resources */,
			);
			buildRules = (
			);
			dependencies = (
				C630DBB41A1FA6B80080B380 /* PBXTargetDependency */,
			);
			name = "Uni appTests";
			productName = "Uni appTests";
			productReference = C630DBAE1A1FA6B80080B380 /* Uni appTests.xctest */;
			productType = "com.apple.product-type.bundle.unit-test";
		};
/* End PBXNativeTarget section */

/* Begin PBXProject section */
		C630DB821A1FA6B70080B380 /* Project object */ = {
			isa = PBXProject;
			attributes = {
				LastUpgradeCheck = 0510;
				ORGANIZATIONNAME = "Imtiaz Hossain";
				TargetAttributes = {
					C630DBAD1A1FA6B80080B380 = {
						TestTargetID = C630DB891A1FA6B70080B380;
					};
				};
			};
			buildConfigurationList = C630DB851A1FA6B70080B380 /* Build configuration list for PBXProject "Uni app" */;
			compatibilityVersion = "Xcode 3.2";
			developmentRegion = English;
			hasScannedForEncodings = 0;
			knownRegions = (
				en,
				Base,
			);
			mainGroup = C630DB811A1FA6B70080B380;
			productRefGroup = C630DB8B1A1FA6B70080B380 /* Products */;
			projectDirPath = "";
			projectRoot = "";
			targets = (
				C630DB891A1FA6B70080B380 /* Uni app */,
				C630DBAD1A1FA6B80080B380 /* Uni appTests */,
			);
		};
/* End PBXProject section */

/* Begin PBXResourcesBuildPhase section */
		C630DB881A1FA6B70080B380 /* Resources */ = {
			isa = PBXResourcesBuildPhase;
			buildActionMask = 2147483647;
			files = (
				C6AB84311A32243500CF27BF /* SignUp.plist in Resources */,
				C630DBC91A1FA7E60080B380 /* all_bg.jpg in Resources */,
				C630DBD61A1FB0380080B380 /* splash_logo.png in Resources */,
				C6C804501A3C869700849140 /* university_icon.png in Resources */,
				C61C994D1A2247B80090AFFB /* listview.png in Resources */,
				C630DBA41A1FA6B70080B380 /* Main_iPad.storyboard in Resources */,
				C6AB806C1A20C88F00E7468C /* Icon-72.png in Resources */,
				C61C99531A2247B80090AFFB /* profile.png in Resources */,
				C6AB84221A31E3BF00CF27BF /* tradition2.png in Resources */,
				C630DBA91A1FA6B70080B380 /* Images.xcassets in Resources */,
				C6AB84211A31E3BF00CF27BF /* tradition1.png in Resources */,
				C61C99521A2247B80090AFFB /* logout.png in Resources */,
				C6AB842C1A31E3BF00CF27BF /* tradition12.png in Resources */,
				C630DBE21A203D050080B380 /* email.png in Resources */,
				C6AB84331A32297E00CF27BF /* emptyBG.png in Resources */,
				C6AB806B1A20C88F00E7468C /* Icon-60.png in Resources */,
				C6AB842F1A31E84D00CF27BF /* according-to-science-these-are-the-best-photos-to-use-in-your-dating-profile.png in Resources */,
				C630DBD41A1FB0140080B380 /* login_bg.jpg in Resources */,
				C6AB806D1A20C88F00E7468C /* Icon-72@2x.png in Resources */,
				C630DBE31A203D050080B380 /* home.png in Resources */,
				C6AB80721A20C88F00E7468C /* iTunesArtwork.png in Resources */,
				C6C804541A3C8D0000849140 /* uni-icon.png in Resources */,
				C61C993A1A223AC90090AFFB /* facebook_blank_face3.jpeg in Resources */,
				C6AB80711A20C88F00E7468C /* Icon@2x.png in Resources */,
				C630DBD11A1FAD340080B380 /* Default@2x.png in Resources */,
				C630DBD21A1FAD340080B380 /* slpash.png in Resources */,
				C630DBE51A203D050080B380 /* web.png in Resources */,
				C6AB84291A31E3BF00CF27BF /* tradition9.png in Resources */,
				C630DBD01A1FAD340080B380 /* Default.png in Resources */,
				C6AB84281A31E3BF00CF27BF /* tradition8.png in Resources */,
				C630DBA11A1FA6B70080B380 /* Main_iPhone.storyboard in Resources */,
				C66117951A24FC0C0087B8BF /* menu.png in Resources */,
				C6AB842B1A31E3BF00CF27BF /* tradition11.png in Resources */,
				C630DB981A1FA6B70080B380 /* InfoPlist.strings in Resources */,
				C61C99501A2247B80090AFFB /* pictureview.png in Resources */,
				C630DBCF1A1FAD340080B380 /* Default-568h@2x.png in Resources */,
				C6AB842D1A31E3BF00CF27BF /* tradition13.png in Resources */,
				C6C804521A3C8A0000849140 /* navigationbar-bg.png in Resources */,
				C61C99511A2247B80090AFFB /* about.png in Resources */,
				C61C994F1A2247B80090AFFB /* mytraditions.png in Resources */,
				C6AB80731A20C88F00E7468C /* iTunesArtwork@2x.png in Resources */,
				C6AB84231A31E3BF00CF27BF /* tradition3.png in Resources */,
				C630DBC61A1FA7BA0080B380 /* splash_bg.jpg in Resources */,
				C630DBE71A20400C0080B380 /* create_your_own.png in Resources */,
				C61C994A1A2247B80090AFFB /* calendarview.png in Resources */,
				C6AB84241A31E3BF00CF27BF /* tradition4.png in Resources */,
				C61C99581A2261590090AFFB /* gradient.png in Resources */,
				C66117961A24FC0C0087B8BF /* menu@2x.png in Resources */,
				C61C994C1A2247B80090AFFB /* leaderboard.png in Resources */,
				C630DBE41A203D050080B380 /* phone.png in Resources */,
				C61C994E1A2247B80090AFFB /* menudrawerlogo.png in Resources */,
				C6AB80701A20C88F00E7468C /* Icon.png in Resources */,
				C630DBD81A1FB4DC0080B380 /* sign_UP_logo.png in Resources */,
				C6AB84261A31E3BF00CF27BF /* tradition6.png in Resources */,
				C6AB806E1A20C88F00E7468C /* Icon-Small-50.png in Resources */,
				C6AB806F1A20C88F00E7468C /* Icon-Small-50@2x.png in Resources */,
				C61C994B1A2247B80090AFFB /* createown.png in Resources */,
				C6AB84271A31E3BF00CF27BF /* tradition7.png in Resources */,
				C6C0D5FE1A3AA3CC00F92A85 /* user.plist in Resources */,
				C6AB84251A31E3BF00CF27BF /* tradition5.png in Resources */,
				C630DBDC1A2030A90080B380 /* signup_form_bg.png in Resources */,
				C630DBDA1A202C860080B380 /* uni_logo.png in Resources */,
				C6AB842A1A31E3BF00CF27BF /* tradition10.png in Resources */,
			);
			runOnlyForDeploymentPostprocessing = 0;
		};
		C630DBAC1A1FA6B80080B380 /* Resources */ = {
			isa = PBXResourcesBuildPhase;
			buildActionMask = 2147483647;
			files = (
				C630DBBA1A1FA6B80080B380 /* InfoPlist.strings in Resources */,
			);
			runOnlyForDeploymentPostprocessing = 0;
		};
/* End PBXResourcesBuildPhase section */

/* Begin PBXSourcesBuildPhase section */
		C630DB861A1FA6B70080B380 /* Sources */ = {
			isa = PBXSourcesBuildPhase;
			buildActionMask = 2147483647;
			files = (
				C630DBA71A1FA6B70080B380 /* ViewController.m in Sources */,
				C6C3B1D61A28CA6F008926F8 /* MyTraditionViewController.m in Sources */,
				C6C3B1DC1A28CA8E008926F8 /* ListViewController.m in Sources */,
				C6C3B1D91A28CA82008926F8 /* PictureViewController.m in Sources */,
				C630DB9E1A1FA6B70080B380 /* AppDelegate.m in Sources */,
				C61C99371A2235950090AFFB /* ProfileViewController.m in Sources */,
				C6C3B1CF1A28C736008926F8 /* CreateOwnViewController.m in Sources */,
				C66117921A24F9EB0087B8BF /* SWRevealViewController.m in Sources */,
				C66117911A24F9EB0087B8BF /* SidebarViewController.m in Sources */,
				C66117991A25636F0087B8BF /* LoginViewController.m in Sources */,
				C6018C241A2FFA0300DA1D9E /* Reachability.m in Sources */,
				C6AB840F1A31D87300CF27BF /* TraditionCollectionViewController.m in Sources */,
				C6AB84121A31D90500CF27BF /* DetailTraditionViewController.m in Sources */,
				C6C3B1E31A28CAEB008926F8 /* LogoutViewController.m in Sources */,
				C6C3B1E61A28CB11008926F8 /* CreateOwnListViewController.m in Sources */,
				C6C3B1DF1A28CA9B008926F8 /* CalenderViewController.m in Sources */,
				C66117901A24F9EB0087B8BF /* PhotoViewController.m in Sources */,
				C661179C1A2563800087B8BF /* RegistrationViewController.m in Sources */,
				C6C3B1EB1A28D144008926F8 /* PictureGridViewController.m in Sources */,
				C630DB9A1A1FA6B70080B380 /* main.m in Sources */,
				C61C99561A225F7F0090AFFB /* LeaderBoardViewController.m in Sources */,
			);
			runOnlyForDeploymentPostprocessing = 0;
		};
		C630DBAA1A1FA6B80080B380 /* Sources */ = {
			isa = PBXSourcesBuildPhase;
			buildActionMask = 2147483647;
			files = (
				C630DBBC1A1FA6B80080B380 /* Uni_appTests.m in Sources */,
			);
			runOnlyForDeploymentPostprocessing = 0;
		};
/* End PBXSourcesBuildPhase section */

/* Begin PBXTargetDependency section */
		C630DBB41A1FA6B80080B380 /* PBXTargetDependency */ = {
			isa = PBXTargetDependency;
			target = C630DB891A1FA6B70080B380 /* Uni app */;
			targetProxy = C630DBB31A1FA6B80080B380 /* PBXContainerItemProxy */;
		};
/* End PBXTargetDependency section */

/* Begin PBXVariantGroup section */
		C630DB961A1FA6B70080B380 /* InfoPlist.strings */ = {
			isa = PBXVariantGroup;
			children = (
				C630DB971A1FA6B70080B380 /* en */,
			);
			name = InfoPlist.strings;
			sourceTree = "<group>";
		};
		C630DB9F1A1FA6B70080B380 /* Main_iPhone.storyboard */ = {
			isa = PBXVariantGroup;
			children = (
				C630DBA01A1FA6B70080B380 /* Base */,
			);
			name = Main_iPhone.storyboard;
			sourceTree = "<group>";
		};
		C630DBA21A1FA6B70080B380 /* Main_iPad.storyboard */ = {
			isa = PBXVariantGroup;
			children = (
				C630DBA31A1FA6B70080B380 /* Base */,
			);
			name = Main_iPad.storyboard;
			sourceTree = "<group>";
		};
		C630DBB81A1FA6B80080B380 /* InfoPlist.strings */ = {
			isa = PBXVariantGroup;
			children = (
				C630DBB91A1FA6B80080B380 /* en */,
			);
			name = InfoPlist.strings;
			sourceTree = "<group>";
		};
/* End PBXVariantGroup section */

/* Begin XCBuildConfiguration section */
		C630DBBD1A1FA6B80080B380 /* Debug */ = {
			isa = XCBuildConfiguration;
			buildSettings = {
				ALWAYS_SEARCH_USER_PATHS = NO;
				CLANG_CXX_LANGUAGE_STANDARD = "gnu++0x";
				CLANG_CXX_LIBRARY = "libc++";
				CLANG_ENABLE_MODULES = YES;
				CLANG_ENABLE_OBJC_ARC = YES;
				CLANG_WARN_BOOL_CONVERSION = YES;
				CLANG_WARN_CONSTANT_CONVERSION = YES;
				CLANG_WARN_DIRECT_OBJC_ISA_USAGE = YES_ERROR;
				CLANG_WARN_EMPTY_BODY = YES;
				CLANG_WARN_ENUM_CONVERSION = YES;
				CLANG_WARN_INT_CONVERSION = YES;
				CLANG_WARN_OBJC_ROOT_CLASS = YES_ERROR;
				CLANG_WARN__DUPLICATE_METHOD_MATCH = YES;
				"CODE_SIGN_IDENTITY[sdk=iphoneos*]" = "iPhone Developer";
				COPY_PHASE_STRIP = NO;
				GCC_C_LANGUAGE_STANDARD = gnu99;
				GCC_DYNAMIC_NO_PIC = NO;
				GCC_OPTIMIZATION_LEVEL = 0;
				GCC_PREPROCESSOR_DEFINITIONS = (
					"DEBUG=1",
					"$(inherited)",
				);
				GCC_SYMBOLS_PRIVATE_EXTERN = NO;
				GCC_WARN_64_TO_32_BIT_CONVERSION = YES;
				GCC_WARN_ABOUT_RETURN_TYPE = YES_ERROR;
				GCC_WARN_UNDECLARED_SELECTOR = YES;
				GCC_WARN_UNINITIALIZED_AUTOS = YES_AGGRESSIVE;
				GCC_WARN_UNUSED_FUNCTION = YES;
				GCC_WARN_UNUSED_VARIABLE = YES;
				IPHONEOS_DEPLOYMENT_TARGET = 7.1;
				ONLY_ACTIVE_ARCH = YES;
				SDKROOT = iphoneos;
				TARGETED_DEVICE_FAMILY = "1,2";
			};
			name = Debug;
		};
		C630DBBE1A1FA6B80080B380 /* Release */ = {
			isa = XCBuildConfiguration;
			buildSettings = {
				ALWAYS_SEARCH_USER_PATHS = NO;
				CLANG_CXX_LANGUAGE_STANDARD = "gnu++0x";
				CLANG_CXX_LIBRARY = "libc++";
				CLANG_ENABLE_MODULES = YES;
				CLANG_ENABLE_OBJC_ARC = YES;
				CLANG_WARN_BOOL_CONVERSION = YES;
				CLANG_WARN_CONSTANT_CONVERSION = YES;
				CLANG_WARN_DIRECT_OBJC_ISA_USAGE = YES_ERROR;
				CLANG_WARN_EMPTY_BODY = YES;
				CLANG_WARN_ENUM_CONVERSION = YES;
				CLANG_WARN_INT_CONVERSION = YES;
				CLANG_WARN_OBJC_ROOT_CLASS = YES_ERROR;
				CLANG_WARN__DUPLICATE_METHOD_MATCH = YES;
				"CODE_SIGN_IDENTITY[sdk=iphoneos*]" = "iPhone Developer";
				COPY_PHASE_STRIP = YES;
				ENABLE_NS_ASSERTIONS = NO;
				GCC_C_LANGUAGE_STANDARD = gnu99;
				GCC_WARN_64_TO_32_BIT_CONVERSION = YES;
				GCC_WARN_ABOUT_RETURN_TYPE = YES_ERROR;
				GCC_WARN_UNDECLARED_SELECTOR = YES;
				GCC_WARN_UNINITIALIZED_AUTOS = YES_AGGRESSIVE;
				GCC_WARN_UNUSED_FUNCTION = YES;
				GCC_WARN_UNUSED_VARIABLE = YES;
				IPHONEOS_DEPLOYMENT_TARGET = 7.1;
				SDKROOT = iphoneos;
				TARGETED_DEVICE_FAMILY = "1,2";
				VALIDATE_PRODUCT = YES;
			};
			name = Release;
		};
		C630DBC01A1FA6B80080B380 /* Debug */ = {
			isa = XCBuildConfiguration;
			buildSettings = {
				ASSETCATALOG_COMPILER_APPICON_NAME = AppIcon;
				ASSETCATALOG_COMPILER_LAUNCHIMAGE_NAME = LaunchImage;
				FRAMEWORK_SEARCH_PATHS = (
					"$(inherited)",
					"$(PROJECT_DIR)",
				);
				GCC_PRECOMPILE_PREFIX_HEADER = YES;
				GCC_PREFIX_HEADER = "Uni app/Uni app-Prefix.pch";
				INFOPLIST_FILE = "Uni app/Uni app-Info.plist";
				IPHONEOS_DEPLOYMENT_TARGET = 7.1;
				PRODUCT_NAME = "$(TARGET_NAME)";
				WRAPPER_EXTENSION = app;
			};
			name = Debug;
		};
		C630DBC11A1FA6B80080B380 /* Release */ = {
			isa = XCBuildConfiguration;
			buildSettings = {
				ASSETCATALOG_COMPILER_APPICON_NAME = AppIcon;
				ASSETCATALOG_COMPILER_LAUNCHIMAGE_NAME = LaunchImage;
				FRAMEWORK_SEARCH_PATHS = (
					"$(inherited)",
					"$(PROJECT_DIR)",
				);
				GCC_PRECOMPILE_PREFIX_HEADER = YES;
				GCC_PREFIX_HEADER = "Uni app/Uni app-Prefix.pch";
				INFOPLIST_FILE = "Uni app/Uni app-Info.plist";
				IPHONEOS_DEPLOYMENT_TARGET = 7.1;
				PRODUCT_NAME = "$(TARGET_NAME)";
				WRAPPER_EXTENSION = app;
			};
			name = Release;
		};
		C630DBC31A1FA6B80080B380 /* Debug */ = {
			isa = XCBuildConfiguration;
			buildSettings = {
				BUNDLE_LOADER = "$(BUILT_PRODUCTS_DIR)/Uni app.app/Uni app";
				FRAMEWORK_SEARCH_PATHS = (
					"$(SDKROOT)/Developer/Library/Frameworks",
					"$(inherited)",
					"$(DEVELOPER_FRAMEWORKS_DIR)",
				);
				GCC_PRECOMPILE_PREFIX_HEADER = YES;
				GCC_PREFIX_HEADER = "Uni app/Uni app-Prefix.pch";
				GCC_PREPROCESSOR_DEFINITIONS = (
					"DEBUG=1",
					"$(inherited)",
				);
				INFOPLIST_FILE = "Uni appTests/Uni appTests-Info.plist";
				PRODUCT_NAME = "$(TARGET_NAME)";
				TEST_HOST = "$(BUNDLE_LOADER)";
				WRAPPER_EXTENSION = xctest;
			};
			name = Debug;
		};
		C630DBC41A1FA6B80080B380 /* Release */ = {
			isa = XCBuildConfiguration;
			buildSettings = {
				BUNDLE_LOADER = "$(BUILT_PRODUCTS_DIR)/Uni app.app/Uni app";
				FRAMEWORK_SEARCH_PATHS = (
					"$(SDKROOT)/Developer/Library/Frameworks",
					"$(inherited)",
					"$(DEVELOPER_FRAMEWORKS_DIR)",
				);
				GCC_PRECOMPILE_PREFIX_HEADER = YES;
				GCC_PREFIX_HEADER = "Uni app/Uni app-Prefix.pch";
				INFOPLIST_FILE = "Uni appTests/Uni appTests-Info.plist";
				PRODUCT_NAME = "$(TARGET_NAME)";
				TEST_HOST = "$(BUNDLE_LOADER)";
				WRAPPER_EXTENSION = xctest;
			};
			name = Release;
		};
/* End XCBuildConfiguration section */

/* Begin XCConfigurationList section */
		C630DB851A1FA6B70080B380 /* Build configuration list for PBXProject "Uni app" */ = {
			isa = XCConfigurationList;
			buildConfigurations = (
				C630DBBD1A1FA6B80080B380 /* Debug */,
				C630DBBE1A1FA6B80080B380 /* Release */,
			);
			defaultConfigurationIsVisible = 0;
			defaultConfigurationName = Release;
		};
		C630DBBF1A1FA6B80080B380 /* Build configuration list for PBXNativeTarget "Uni app" */ = {
			isa = XCConfigurationList;
			buildConfigurations = (
				C630DBC01A1FA6B80080B380 /* Debug */,
				C630DBC11A1FA6B80080B380 /* Release */,
			);
			defaultConfigurationIsVisible = 0;
			defaultConfigurationName = Release;
		};
		C630DBC21A1FA6B80080B380 /* Build configuration list for PBXNativeTarget "Uni appTests" */ = {
			isa = XCConfigurationList;
			buildConfigurations = (
				C630DBC31A1FA6B80080B380 /* Debug */,
				C630DBC41A1FA6B80080B380 /* Release */,
			);
			defaultConfigurationIsVisible = 0;
			defaultConfigurationName = Release;
		};
/* End XCConfigurationList section */
	};
	rootObject = C630DB821A1FA6B70080B380 /* Project object */;
}
